
Microsoft Visual Studio Solution File, Format Version 12.00
# Visual Studio Version 16
VisualStudioVersion = 16.0.29613.14
MinimumVisualStudioVersion = 10.0.40219.1
Project("{9A19103F-16F7-4668-BE54-9A1E7A4F7556}") = "CommandsPlugin", "CommandsPlugin\CommandsPlugin.csproj", "{7B8DCA6C-0CD1-4CA2-8120-852146221F05}"
EndProject
Project("{9A19103F-16F7-4668-BE54-9A1E7A4F7556}") = "CommandsPannel", "CommandsPannel\CommandsPannel.csproj", "{5310576D-B977-4BD5-B36C-33872C59ED5B}"
	ProjectSection(ProjectDependencies) = postProject
		{7B8DCA6C-0CD1-4CA2-8120-852146221F05} = {7B8DCA6C-0CD1-4CA2-8120-852146221F05}
	EndProjectSection
EndProject
Global
	GlobalSection(SolutionConfigurationPlatforms) = preSolution
		Debug|Any CPU = Debug|Any CPU
		Release|Any CPU = Release|Any CPU
	EndGlobalSection
	GlobalSection(ProjectConfigurationPlatforms) = postSolution
		{7B8DCA6C-0CD1-4CA2-8120-852146221F05}.Debug|Any CPU.ActiveCfg = Debug|Any CPU
		{7B8DCA6C-0CD1-4CA2-8120-852146221F05}.Debug|Any CPU.Build.0 = Debug|Any CPU
		{7B8DCA6C-0CD1-4CA2-8120-852146221F05}.Release|Any CPU.ActiveCfg = Release|Any CPU
		{7B8DCA6C-0CD1-4CA2-8120-852146221F05}.Release|Any CPU.Build.0 = Release|Any CPU
		{5310576D-B977-4BD5-B36C-33872C59ED5B}.Debug|Any CPU.ActiveCfg = Debug|Any CPU
		{5310576D-B977-4BD5-B36C-33872C59ED5B}.Debug|Any CPU.Build.0 = Debug|Any CPU
		{5310576D-B977-4BD5-B36C-33872C59ED5B}.Release|Any CPU.ActiveCfg = Release|Any CPU
		{5310576D-B977-4BD5-B36C-33872C59ED5B}.Release|Any CPU.Build.0 = Release|Any CPU
	EndGlobalSection
	GlobalSection(SolutionProperties) = preSolution
		HideSolutionNode = FALSE
	EndGlobalSection
	GlobalSection(ExtensibilityGlobals) = postSolution
		SolutionGuid = {806AE32B-4087-40F6-9FC0-55BAD4ED4ADF}
	EndGlobalSection
EndGlobal
